
Microsoft Visual Studio Solution File, Format Version 12.00
# Visual Studio Version 17
VisualStudioVersion = 17.3.32901.215
MinimumVisualStudioVersion = 10.0.40219.1
Project("{FAE04EC0-301F-11D3-BF4B-00C04F79EFBC}") = "Lab6CS_2", "Lab6CS_2\Lab6CS_2.csproj", "{DF148D3A-30D2-402C-BDBE-111AEA26E9BD}"
EndProject
Global
	GlobalSection(SolutionConfigurationPlatforms) = preSolution
		Debug|Any CPU = Debug|Any CPU
		Release|Any CPU = Release|Any CPU
	EndGlobalSection
	GlobalSection(ProjectConfigurationPlatforms) = postSolution
		{DF148D3A-30D2-402C-BDBE-111AEA26E9BD}.Debug|Any CPU.ActiveCfg = Debug|Any CPU
		{DF148D3A-30D2-402C-BDBE-111AEA26E9BD}.Debug|Any CPU.Build.0 = Debug|Any CPU
		{DF148D3A-30D2-402C-BDBE-111AEA26E9BD}.Release|Any CPU.ActiveCfg = Release|Any CPU
		{DF148D3A-30D2-402C-BDBE-111AEA26E9BD}.Release|Any CPU.Build.0 = Release|Any CPU
	EndGlobalSection
	GlobalSection(SolutionProperties) = preSolution
		HideSolutionNode = FALSE
	EndGlobalSection
	GlobalSection(ExtensibilityGlobals) = postSolution
		SolutionGuid = {25ABE3EF-B8C5-4A6A-AA39-A5F71DA6B1D4}
	EndGlobalSection
EndGlobal
